
Microsoft Visual Studio Solution File, Format Version 12.00
# Visual Studio 15
VisualStudioVersion = 15.0.28010.2050
MinimumVisualStudioVersion = 10.0.40219.1
Project("{FAE04EC0-301F-11D3-BF4B-00C04F79EFBC}") = "BlogCore", "BlogCore\BlogCore.csproj", "{025BF3A8-1C17-4677-9F16-54A3284576BD}"
EndProject
Global
	GlobalSection(SolutionConfigurationPlatforms) = preSolution
		Debug|Any CPU = Debug|Any CPU
		Release|Any CPU = Release|Any CPU
	EndGlobalSection
	GlobalSection(ProjectConfigurationPlatforms) = postSolution
		{025BF3A8-1C17-4677-9F16-54A3284576BD}.Debug|Any CPU.ActiveCfg = Debug|Any CPU
		{025BF3A8-1C17-4677-9F16-54A3284576BD}.Debug|Any CPU.Build.0 = Debug|Any CPU
		{025BF3A8-1C17-4677-9F16-54A3284576BD}.Release|Any CPU.ActiveCfg = Release|Any CPU
		{025BF3A8-1C17-4677-9F16-54A3284576BD}.Release|Any CPU.Build.0 = Release|Any CPU
	EndGlobalSection
	GlobalSection(SolutionProperties) = preSolution
		HideSolutionNode = FALSE
	EndGlobalSection
	GlobalSection(ExtensibilityGlobals) = postSolution
		SolutionGuid = {63BC7997-DA2F-40AD-8144-BB7B14A1C6EF}
	EndGlobalSection
EndGlobal
